// !$*UTF8*$!
{
	archiveVersion = 1;
	classes = {
	};
	objectVersion = 77;
	objects = {

/* Begin PBXContainerItemProxy section */
		12F1FA222DB0BC0300891600 /* PBXContainerItemProxy */ = {
			isa = PBXContainerItemProxy;
			containerPortal = 12F1FA032DB0BC0000891600 /* Project object */;
			proxyType = 1;
			remoteGlobalIDString = 12F1FA0A2DB0BC0100891600;
			remoteInfo = IOSDemo;
		};
		12F1FA2C2DB0BC0300891600 /* PBXContainerItemProxy */ = {
			isa = PBXContainerItemProxy;
			containerPortal = 12F1FA032DB0BC0000891600 /* Project object */;
			proxyType = 1;
			remoteGlobalIDString = 12F1FA0A2DB0BC0100891600;
			remoteInfo = IOSDemo;
		};
/* End PBXContainerItemProxy section */

/* Begin PBXFileReference section */
		12F1FA0B2DB0BC0100891600 /* IOSDemo.app */ = {isa = PBXFileReference; explicitFileType = wrapper.application; includeInIndex = 0; path = IOSDemo.app; sourceTree = BUILT_PRODUCTS_DIR; };
		12F1FA212DB0BC0300891600 /* IOSDemoTests.xctest */ = {isa = PBXFileReference; explicitFileType = wrapper.cfbundle; includeInIndex = 0; path = IOSDemoTests.xctest; sourceTree = BUILT_PRODUCTS_DIR; };
		12F1FA2B2DB0BC0300891600 /* IOSDemoUITests.xctest */ = {isa = PBXFileReference; explicitFileType = wrapper.cfbundle; includeInIndex = 0; path = IOSDemoUITests.xctest; sourceTree = BUILT_PRODUCTS_DIR; };
/* End PBXFileReference section */

/* Begin PBXFileSystemSynchronizedBuildFileExceptionSet section */
		12F1FA332DB0BC0300891600 /* Exceptions for "IOSDemo" folder in "IOSDemo" target */ = {
			isa = PBXFileSystemSynchronizedBuildFileExceptionSet;
			membershipExceptions = (
				Info.plist,
			);
			target = 12F1FA0A2DB0BC0100891600 /* IOSDemo */;
		};
/* End PBXFileSystemSynchronizedBuildFileExceptionSet section */

/* Begin PBXFileSystemSynchronizedRootGroup section */
		12F1FA0D2DB0BC0100891600 /* IOSDemo */ = {
			isa = PBXFileSystemSynchronizedRootGroup;
			exceptions = (
				12F1FA332DB0BC0300891600 /* Exceptions for "IOSDemo" folder in "IOSDemo" target */,
			);
			path = IOSDemo;
			sourceTree = "<group>";
		};
		12F1FA242DB0BC0300891600 /* IOSDemoTests */ = {
			isa = PBXFileSystemSynchronizedRootGroup;
			path = IOSDemoTests;
			sourceTree = "<group>";
		};
		12F1FA2E2DB0BC0300891600 /* IOSDemoUITests */ = {
			isa = PBXFileSystemSynchronizedRootGroup;
			path = IOSDemoUITests;
			sourceTree = "<group>";
		};
/* End PBXFileSystemSynchronizedRootGroup section */

/* Begin PBXFrameworksBuildPhase section */
		12F1FA082DB0BC0100891600 /* Frameworks */ = {
			isa = PBXFrameworksBuildPhase;
			buildActionMask = 2147483647;
			files = (
			);
			runOnlyForDeploymentPostprocessing = 0;
		};
		12F1FA1E2DB0BC0300891600 /* Frameworks */ = {
			isa = PBXFrameworksBuildPhase;
			buildActionMask = 2147483647;
			files = (
			);
			runOnlyForDeploymentPostprocessing = 0;
		};
		12F1FA282DB0BC0300891600 /* Frameworks */ = {
			isa = PBXFrameworksBuildPhase;
			buildActionMask = 2147483647;
			files = (
			);
			runOnlyForDeploymentPostprocessing = 0;
		};
/* End PBXFrameworksBuildPhase section */

/* Begin PBXGroup section */
		12F1FA022DB0BC0000891600 = {
			isa = PBXGroup;
			children = (
				12F1FA0D2DB0BC0100891600 /* IOSDemo */,
				12F1FA242DB0BC0300891600 /* IOSDemoTests */,
				12F1FA2E2DB0BC0300891600 /* IOSDemoUITests */,
				12F1FA0C2DB0BC0100891600 /* Products */,
			);
			sourceTree = "<group>";
		};
		12F1FA0C2DB0BC0100891600 /* Products */ = {
			isa = PBXGroup;
			children = (
				12F1FA0B2DB0BC0100891600 /* IOSDemo.app */,
				12F1FA212DB0BC0300891600 /* IOSDemoTests.xctest */,
				12F1FA2B2DB0BC0300891600 /* IOSDemoUITests.xctest */,
			);
			name = Products;
			sourceTree = "<group>";
		};
/* End PBXGroup section */

/* Begin PBXNativeTarget section */
		12F1FA0A2DB0BC0100891600 /* IOSDemo */ = {
			isa = PBXNativeTarget;
			buildConfigurationList = 12F1FA342DB0BC0300891600 /* Build configuration list for PBXNativeTarget "IOSDemo" */;
			buildPhases = (
				12F1FA072DB0BC0100891600 /* Sources */,
				12F1FA082DB0BC0100891600 /* Frameworks */,
				12F1FA092DB0BC0100891600 /* Resources */,
			);
			buildRules = (
			);
			dependencies = (
			);
			fileSystemSynchronizedGroups = (
				12F1FA0D2DB0BC0100891600 /* IOSDemo */,
			);
			name = IOSDemo;
			packageProductDependencies = (
			);
			productName = IOSDemo;
			productReference = 12F1FA0B2DB0BC0100891600 /* IOSDemo.app */;
			productType = "com.apple.product-type.application";
		};
		12F1FA202DB0BC0300891600 /* IOSDemoTests */ = {
			isa = PBXNativeTarget;
			buildConfigurationList = 12F1FA392DB0BC0300891600 /* Build configuration list for PBXNativeTarget "IOSDemoTests" */;
			buildPhases = (
				12F1FA1D2DB0BC0300891600 /* Sources */,
				12F1FA1E2DB0BC0300891600 /* Frameworks */,
				12F1FA1F2DB0BC0300891600 /* Resources */,
			);
			buildRules = (
			);
			dependencies = (
				12F1FA232DB0BC0300891600 /* PBXTargetDependency */,
			);
			fileSystemSynchronizedGroups = (
				12F1FA242DB0BC0300891600 /* IOSDemoTests */,
			);
			name = IOSDemoTests;
			packageProductDependencies = (
			);
			productName = IOSDemoTests;
			productReference = 12F1FA212DB0BC0300891600 /* IOSDemoTests.xctest */;
			productType = "com.apple.product-type.bundle.unit-test";
		};
		12F1FA2A2DB0BC0300891600 /* IOSDemoUITests */ = {
			isa = PBXNativeTarget;
			buildConfigurationList = 12F1FA3C2DB0BC0300891600 /* Build configuration list for PBXNativeTarget "IOSDemoUITests" */;
			buildPhases = (
				12F1FA272DB0BC0300891600 /* Sources */,
				12F1FA282DB0BC0300891600 /* Frameworks */,
				12F1FA292DB0BC0300891600 /* Resources */,
			);
			buildRules = (
			);
			dependencies = (
				12F1FA2D2DB0BC0300891600 /* PBXTargetDependency */,
			);
			fileSystemSynchronizedGroups = (
				12F1FA2E2DB0BC0300891600 /* IOSDemoUITests */,
			);
			name = IOSDemoUITests;
			packageProductDependencies = (
			);
			productName = IOSDemoUITests;
			productReference = 12F1FA2B2DB0BC0300891600 /* IOSDemoUITests.xctest */;
			productType = "com.apple.product-type.bundle.ui-testing";
		};
/* End PBXNativeTarget section */

/* Begin PBXProject section */
		12F1FA032DB0BC0000891600 /* Project object */ = {
			isa = PBXProject;
			attributes = {
				BuildIndependentTargetsInParallel = 1;
				LastSwiftUpdateCheck = 1600;
				LastUpgradeCheck = 1600;
				TargetAttributes = {
					12F1FA0A2DB0BC0100891600 = {
						CreatedOnToolsVersion = 16.0;
					};
					12F1FA202DB0BC0300891600 = {
						CreatedOnToolsVersion = 16.0;
						TestTargetID = 12F1FA0A2DB0BC0100891600;
					};
					12F1FA2A2DB0BC0300891600 = {
						CreatedOnToolsVersion = 16.0;
						TestTargetID = 12F1FA0A2DB0BC0100891600;
					};
				};
			};
			buildConfigurationList = 12F1FA062DB0BC0000891600 /* Build configuration list for PBXProject "IOSDemo" */;
			developmentRegion = en;
			hasScannedForEncodings = 0;
			knownRegions = (
				en,
				Base,
			);
			mainGroup = 12F1FA022DB0BC0000891600;
			minimizedProjectReferenceProxies = 1;
			preferredProjectObjectVersion = 77;
			productRefGroup = 12F1FA0C2DB0BC0100891600 /* Products */;
			projectDirPath = "";
			projectRoot = "";
			targets = (
				12F1FA0A2DB0BC0100891600 /* IOSDemo */,
				12F1FA202DB0BC0300891600 /* IOSDemoTests */,
				12F1FA2A2DB0BC0300891600 /* IOSDemoUITests */,
			);
		};
/* End PBXProject section */

/* Begin PBXResourcesBuildPhase section */
		12F1FA092DB0BC0100891600 /* Resources */ = {
			isa = PBXResourcesBuildPhase;
			buildActionMask = 2147483647;
			files = (
			);
			runOnlyForDeploymentPostprocessing = 0;
		};
		12F1FA1F2DB0BC0300891600 /* Resources */ = {
			isa = PBXResourcesBuildPhase;
			buildActionMask = 2147483647;
			files = (
			);
			runOnlyForDeploymentPostprocessing = 0;
		};
		12F1FA292DB0BC0300891600 /* Resources */ = {
			isa = PBXResourcesBuildPhase;
			buildActionMask = 2147483647;
			files = (
			);
			runOnlyForDeploymentPostprocessing = 0;
		};
/* End PBXResourcesBuildPhase section */

/* Begin PBXSourcesBuildPhase section */
		12F1FA072DB0BC0100891600 /* Sources */ = {
			isa = PBXSourcesBuildPhase;
			buildActionMask = 2147483647;
			files = (
			);
			runOnlyForDeploymentPostprocessing = 0;
		};
		12F1FA1D2DB0BC0300891600 /* Sources */ = {
			isa = PBXSourcesBuildPhase;
			buildActionMask = 2147483647;
			files = (
			);
			runOnlyForDeploymentPostprocessing = 0;
		};
		12F1FA272DB0BC0300891600 /* Sources */ = {
			isa = PBXSourcesBuildPhase;
			buildActionMask = 2147483647;
			files = (
			);
			runOnlyForDeploymentPostprocessing = 0;
		};
/* End PBXSourcesBuildPhase section */

/* Begin PBXTargetDependency section */
		12F1FA232DB0BC0300891600 /* PBXTargetDependency */ = {
			isa = PBXTargetDependency;
			target = 12F1FA0A2DB0BC0100891600 /* IOSDemo */;
			targetProxy = 12F1FA222DB0BC0300891600 /* PBXContainerItemProxy */;
		};
		12F1FA2D2DB0BC0300891600 /* PBXTargetDependency */ = {
			isa = PBXTargetDependency;
			target = 12F1FA0A2DB0BC0100891600 /* IOSDemo */;
			targetProxy = 12F1FA2C2DB0BC0300891600 /* PBXContainerItemProxy */;
		};
/* End PBXTargetDependency section */

/* Begin XCBuildConfiguration section */
		12F1FA352DB0BC0300891600 /* Debug */ = {
			isa = XCBuildConfiguration;
			buildSettings = {
				ASSETCATALOG_COMPILER_APPICON_NAME = AppIcon;
				ASSETCATALOG_COMPILER_GLOBAL_ACCENT_COLOR_NAME = AccentColor;
				CODE_SIGN_STYLE = Automatic;
				CURRENT_PROJECT_VERSION = 1;
				GENERATE_INFOPLIST_FILE = YES;
				INFOPLIST_FILE = IOSDemo/Info.plist;
				INFOPLIST_KEY_UIApplicationSupportsIndirectInputEvents = YES;
				INFOPLIST_KEY_UILaunchStoryboardName = LaunchScreen;
				INFOPLIST_KEY_UIMainStoryboardFile = Main;
				INFOPLIST_KEY_UISupportedInterfaceOrientations_iPad = "UIInterfaceOrientationPortrait UIInterfaceOrientationPortraitUpsideDown UIInterfaceOrientationLandscapeLeft UIInterfaceOrientationLandscapeRight";
				INFOPLIST_KEY_UISupportedInterfaceOrientations_iPhone = "UIInterfaceOrientationPortrait UIInterfaceOrientationLandscapeLeft UIInterfaceOrientationLandscapeRight";
				LD_RUNPATH_SEARCH_PATHS = (
					"$(inherited)",
					"@executable_path/Frameworks",
				);
				MARKETING_VERSION = 1.0;
				PRODUCT_BUNDLE_IDENTIFIER = com.IosDemo.IOSDemo;
				PRODUCT_NAME = "$(TARGET_NAME)";
				SWIFT_EMIT_LOC_STRINGS = YES;
				SWIFT_VERSION = 5.0;
				TARGETED_DEVICE_FAMILY = "1,2";
			};
			name = Debug;
		};
		12F1FA362DB0BC0300891600 /* Release */ = {
			isa = XCBuildConfiguration;
			buildSettings = {
				ASSETCATALOG_COMPILER_APPICON_NAME = AppIcon;
				ASSETCATALOG_COMPILER_GLOBAL_ACCENT_COLOR_NAME = AccentColor;
				CODE_SIGN_STYLE = Automatic;
				CURRENT_PROJECT_VERSION = 1;
				GENERATE_INFOPLIST_FILE = YES;
				INFOPLIST_FILE = IOSDemo/Info.plist;
				INFOPLIST_KEY_UIApplicationSupportsIndirectInputEvents = YES;
				INFOPLIST_KEY_UILaunchStoryboardName = LaunchScreen;
				INFOPLIST_KEY_UIMainStoryboardFile = Main;
				INFOPLIST_KEY_UISupportedInterfaceOrientations_iPad = "UIInterfaceOrientationPortrait UIInterfaceOrientationPortraitUpsideDown UIInterfaceOrientationLandscapeLeft UIInterfaceOrientationLandscapeRight";
				INFOPLIST_KEY_UISupportedInterfaceOrientations_iPhone = "UIInterfaceOrientationPortrait UIInterfaceOrientationLandscapeLeft UIInterfaceOrientationLandscapeRight";
				LD_RUNPATH_SEARCH_PATHS = (
					"$(inherited)",
					"@executable_path/Frameworks",
				);
				MARKETING_VERSION = 1.0;
				PRODUCT_BUNDLE_IDENTIFIER = com.IosDemo.IOSDemo;
				PRODUCT_NAME = "$(TARGET_NAME)";
				SWIFT_EMIT_LOC_STRINGS = YES;
				SWIFT_VERSION = 5.0;
				TARGETED_DEVICE_FAMILY = "1,2";
			};
			name = Release;
		};
		12F1FA372DB0BC0300891600 /* Debug */ = {
			isa = XCBuildConfiguration;
			buildSettings = {
				ALWAYS_SEARCH_USER_PATHS = NO;
				ASSETCATALOG_COMPILER_GENERATE_SWIFT_ASSET_SYMBOL_EXTENSIONS = YES;
				CLANG_ANALYZER_NONNULL = YES;
				CLANG_ANALYZER_NUMBER_OBJECT_CONVERSION = YES_AGGRESSIVE;
				CLANG_CXX_LANGUAGE_STANDARD = "gnu++20";
				CLANG_ENABLE_MODULES = YES;
				CLANG_ENABLE_OBJC_ARC = YES;
				CLANG_ENABLE_OBJC_WEAK = YES;
				CLANG_WARN_BLOCK_CAPTURE_AUTORELEASING = YES;
				CLANG_WARN_BOOL_CONVERSION = YES;
				CLANG_WARN_COMMA = YES;
				CLANG_WARN_CONSTANT_CONVERSION = YES;
				CLANG_WARN_DEPRECATED_OBJC_IMPLEMENTATIONS = YES;
				CLANG_WARN_DIRECT_OBJC_ISA_USAGE = YES_ERROR;
				CLANG_WARN_DOCUMENTATION_COMMENTS = YES;
				CLANG_WARN_EMPTY_BODY = YES;
				CLANG_WARN_ENUM_CONVERSION = YES;
				CLANG_WARN_INFINITE_RECURSION = YES;
				CLANG_WARN_INT_CONVERSION = YES;
				CLANG_WARN_NON_LITERAL_NULL_CONVERSION = YES;
				CLANG_WARN_OBJC_IMPLICIT_RETAIN_SELF = YES;
				CLANG_WARN_OBJC_LITERAL_CONVERSION = YES;
				CLANG_WARN_OBJC_ROOT_CLASS = YES_ERROR;
				CLANG_WARN_QUOTED_INCLUDE_IN_FRAMEWORK_HEADER = YES;
				CLANG_WARN_RANGE_LOOP_ANALYSIS = YES;
				CLANG_WARN_STRICT_PROTOTYPES = YES;
				CLANG_WARN_SUSPICIOUS_MOVE = YES;
				CLANG_WARN_UNGUARDED_AVAILABILITY = YES_AGGRESSIVE;
				CLANG_WARN_UNREACHABLE_CODE = YES;
				CLANG_WARN__DUPLICATE_METHOD_MATCH = YES;
				COPY_PHASE_STRIP = NO;
				DEBUG_INFORMATION_FORMAT = dwarf;
				ENABLE_STRICT_OBJC_MSGSEND = YES;
				ENABLE_TESTABILITY = YES;
				ENABLE_USER_SCRIPT_SANDBOXING = YES;
				GCC_C_LANGUAGE_STANDARD = gnu17;
				GCC_DYNAMIC_NO_PIC = NO;
				GCC_NO_COMMON_BLOCKS = YES;
				GCC_OPTIMIZATION_LEVEL = 0;
				GCC_PREPROCESSOR_DEFINITIONS = (
					"DEBUG=1",
					"$(inherited)",
				);
				GCC_WARN_64_TO_32_BIT_CONVERSION = YES;
				GCC_WARN_ABOUT_RETURN_TYPE = YES_ERROR;
				GCC_WARN_UNDECLARED_SELECTOR = YES;
				GCC_WARN_UNINITIALIZED_AUTOS = YES_AGGRESSIVE;
				GCC_WARN_UNUSED_FUNCTION = YES;
				GCC_WARN_UNUSED_VARIABLE = YES;
				IPHONEOS_DEPLOYMENT_TARGET = 18.0;
				LOCALIZATION_PREFERS_STRING_CATALOGS = YES;
				MTL_ENABLE_DEBUG_INFO = INCLUDE_SOURCE;
				MTL_FAST_MATH = YES;
				ONLY_ACTIVE_ARCH = YES;
				SDKROOT = iphoneos;
				SWIFT_ACTIVE_COMPILATION_CONDITIONS = "DEBUG $(inherited)";
				SWIFT_OPTIMIZATION_LEVEL = "-Onone";
			};
			name = Debug;
		};
		12F1FA382DB0BC0300891600 /* Release */ = {
			isa = XCBuildConfiguration;
			buildSettings = {
				ALWAYS_SEARCH_USER_PATHS = NO;
				ASSETCATALOG_COMPILER_GENERATE_SWIFT_ASSET_SYMBOL_EXTENSIONS = YES;
				CLANG_ANALYZER_NONNULL = YES;
				CLANG_ANALYZER_NUMBER_OBJECT_CONVERSION = YES_AGGRESSIVE;
				CLANG_CXX_LANGUAGE_STANDARD = "gnu++20";
				CLANG_ENABLE_MODULES = YES;
				CLANG_ENABLE_OBJC_ARC = YES;
				CLANG_ENABLE_OBJC_WEAK = YES;
				CLANG_WARN_BLOCK_CAPTURE_AUTORELEASING = YES;
				CLANG_WARN_BOOL_CONVERSION = YES;
				CLANG_WARN_COMMA = YES;
				CLANG_WARN_CONSTANT_CONVERSION = YES;
				CLANG_WARN_DEPRECATED_OBJC_IMPLEMENTATIONS = YES;
				CLANG_WARN_DIRECT_OBJC_ISA_USAGE = YES_ERROR;
				CLANG_WARN_DOCUMENTATION_COMMENTS = YES;
				CLANG_WARN_EMPTY_BODY = YES;
				CLANG_WARN_ENUM_CONVERSION = YES;
				CLANG_WARN_INFINITE_RECURSION = YES;
				CLANG_WARN_INT_CONVERSION = YES;
				CLANG_WARN_NON_LITERAL_NULL_CONVERSION = YES;
				CLANG_WARN_OBJC_IMPLICIT_RETAIN_SELF = YES;
				CLANG_WARN_OBJC_LITERAL_CONVERSION = YES;
				CLANG_WARN_OBJC_ROOT_CLASS = YES_ERROR;
				CLANG_WARN_QUOTED_INCLUDE_IN_FRAMEWORK_HEADER = YES;
				CLANG_WARN_RANGE_LOOP_ANALYSIS = YES;
				CLANG_WARN_STRICT_PROTOTYPES = YES;
				CLANG_WARN_SUSPICIOUS_MOVE = YES;
				CLANG_WARN_UNGUARDED_AVAILABILITY = YES_AGGRESSIVE;
				CLANG_WARN_UNREACHABLE_CODE = YES;
				CLANG_WARN__DUPLICATE_METHOD_MATCH = YES;
				COPY_PHASE_STRIP = NO;
				DEBUG_INFORMATION_FORMAT = "dwarf-with-dsym";
				ENABLE_NS_ASSERTIONS = NO;
				ENABLE_STRICT_OBJC_MSGSEND = YES;
				ENABLE_USER_SCRIPT_SANDBOXING = YES;
				GCC_C_LANGUAGE_STANDARD = gnu17;
				GCC_NO_COMMON_BLOCKS = YES;
				GCC_WARN_64_TO_32_BIT_CONVERSION = YES;
				GCC_WARN_ABOUT_RETURN_TYPE = YES_ERROR;
				GCC_WARN_UNDECLARED_SELECTOR = YES;
				GCC_WARN_UNINITIALIZED_AUTOS = YES_AGGRESSIVE;
				GCC_WARN_UNUSED_FUNCTION = YES;
				GCC_WARN_UNUSED_VARIABLE = YES;
				IPHONEOS_DEPLOYMENT_TARGET = 18.0;
				LOCALIZATION_PREFERS_STRING_CATALOGS = YES;
				MTL_ENABLE_DEBUG_INFO = NO;
				MTL_FAST_MATH = YES;
				SDKROOT = iphoneos;
				SWIFT_COMPILATION_MODE = wholemodule;
				VALIDATE_PRODUCT = YES;
			};
			name = Release;
		};
		12F1FA3A2DB0BC0300891600 /* Debug */ = {
			isa = XCBuildConfiguration;
			buildSettings = {
				BUNDLE_LOADER = "$(TEST_HOST)";
				CODE_SIGN_STYLE = Automatic;
				CURRENT_PROJECT_VERSION = 1;
				GENERATE_INFOPLIST_FILE = YES;
				IPHONEOS_DEPLOYMENT_TARGET = 18.0;
				MARKETING_VERSION = 1.0;
				PRODUCT_BUNDLE_IDENTIFIER = com.IosDemo.IOSDemoTests;
				PRODUCT_NAME = "$(TARGET_NAME)";
				SWIFT_EMIT_LOC_STRINGS = NO;
				SWIFT_VERSION = 5.0;
				TARGETED_DEVICE_FAMILY = "1,2";
				TEST_HOST = "$(BUILT_PRODUCTS_DIR)/IOSDemo.app/$(BUNDLE_EXECUTABLE_FOLDER_PATH)/IOSDemo";
			};
			name = Debug;
		};
		12F1FA3B2DB0BC0300891600 /* Release */ = {
			isa = XCBuildConfiguration;
			buildSettings = {
				BUNDLE_LOADER = "$(TEST_HOST)";
				CODE_SIGN_STYLE = Automatic;
				CURRENT_PROJECT_VERSION = 1;
				GENERATE_INFOPLIST_FILE = YES;
				IPHONEOS_DEPLOYMENT_TARGET = 18.0;
				MARKETING_VERSION = 1.0;
				PRODUCT_BUNDLE_IDENTIFIER = com.IosDemo.IOSDemoTests;
				PRODUCT_NAME = "$(TARGET_NAME)";
				SWIFT_EMIT_LOC_STRINGS = NO;
				SWIFT_VERSION = 5.0;
				TARGETED_DEVICE_FAMILY = "1,2";
				TEST_HOST = "$(BUILT_PRODUCTS_DIR)/IOSDemo.app/$(BUNDLE_EXECUTABLE_FOLDER_PATH)/IOSDemo";
			};
			name = Release;
		};
		12F1FA3D2DB0BC0300891600 /* Debug */ = {
			isa = XCBuildConfiguration;
			buildSettings = {
				CODE_SIGN_STYLE = Automatic;
				CURRENT_PROJECT_VERSION = 1;
				GENERATE_INFOPLIST_FILE = YES;
				MARKETING_VERSION = 1.0;
				PRODUCT_BUNDLE_IDENTIFIER = com.IosDemo.IOSDemoUITests;
				PRODUCT_NAME = "$(TARGET_NAME)";
				SWIFT_EMIT_LOC_STRINGS = NO;
				SWIFT_VERSION = 5.0;
				TARGETED_DEVICE_FAMILY = "1,2";
				TEST_TARGET_NAME = IOSDemo;
			};
			name = Debug;
		};
		12F1FA3E2DB0BC0300891600 /* Release */ = {
			isa = XCBuildConfiguration;
			buildSettings = {
				CODE_SIGN_STYLE = Automatic;
				CURRENT_PROJECT_VERSION = 1;
				GENERATE_INFOPLIST_FILE = YES;
				MARKETING_VERSION = 1.0;
				PRODUCT_BUNDLE_IDENTIFIER = com.IosDemo.IOSDemoUITests;
				PRODUCT_NAME = "$(TARGET_NAME)";
				SWIFT_EMIT_LOC_STRINGS = NO;
				SWIFT_VERSION = 5.0;
				TARGETED_DEVICE_FAMILY = "1,2";
				TEST_TARGET_NAME = IOSDemo;
			};
			name = Release;
		};
/* End XCBuildConfiguration section */

/* Begin XCConfigurationList section */
		12F1FA062DB0BC0000891600 /* Build configuration list for PBXProject "IOSDemo" */ = {
			isa = XCConfigurationList;
			buildConfigurations = (
				12F1FA372DB0BC0300891600 /* Debug */,
				12F1FA382DB0BC0300891600 /* Release */,
			);
			defaultConfigurationIsVisible = 0;
			defaultConfigurationName = Release;
		};
		12F1FA342DB0BC0300891600 /* Build configuration list for PBXNativeTarget "IOSDemo" */ = {
			isa = XCConfigurationList;
			buildConfigurations = (
				12F1FA352DB0BC0300891600 /* Debug */,
				12F1FA362DB0BC0300891600 /* Release */,
			);
			defaultConfigurationIsVisible = 0;
			defaultConfigurationName = Release;
		};
		12F1FA392DB0BC0300891600 /* Build configuration list for PBXNativeTarget "IOSDemoTests" */ = {
			isa = XCConfigurationList;
			buildConfigurations = (
				12F1FA3A2DB0BC0300891600 /* Debug */,
				12F1FA3B2DB0BC0300891600 /* Release */,
			);
			defaultConfigurationIsVisible = 0;
			defaultConfigurationName = Release;
		};
		12F1FA3C2DB0BC0300891600 /* Build configuration list for PBXNativeTarget "IOSDemoUITests" */ = {
			isa = XCConfigurationList;
			buildConfigurations = (
				12F1FA3D2DB0BC0300891600 /* Debug */,
				12F1FA3E2DB0BC0300891600 /* Release */,
			);
			defaultConfigurationIsVisible = 0;
			defaultConfigurationName = Release;
		};
/* End XCConfigurationList section */
	};
	rootObject = 12F1FA032DB0BC0000891600 /* Project object */;
}
